
Microsoft Visual Studio Solution File, Format Version 12.00
# Visual Studio Version 17
VisualStudioVersion = 17.7.34221.43
MinimumVisualStudioVersion = 10.0.40219.1
Project("{FAE04EC0-301F-11D3-BF4B-00C04F79EFBC}") = "Word_Game", "Word_Game\Word_Game.csproj", "{BF5F228E-DBF3-47BD-9E43-1179A8228201}"
EndProject
Project("{FAE04EC0-301F-11D3-BF4B-00C04F79EFBC}") = "WG_Test", "WG_Test\WG_Test.csproj", "{D40BDC1F-14D1-4DB7-B53A-89F053FD9D00}"
EndProject
Global
	GlobalSection(SolutionConfigurationPlatforms) = preSolution
		Debug|Any CPU = Debug|Any CPU
		Release|Any CPU = Release|Any CPU
	EndGlobalSection
	GlobalSection(ProjectConfigurationPlatforms) = postSolution
		{BF5F228E-DBF3-47BD-9E43-1179A8228201}.Debug|Any CPU.ActiveCfg = Debug|Any CPU
		{BF5F228E-DBF3-47BD-9E43-1179A8228201}.Debug|Any CPU.Build.0 = Debug|Any CPU
		{BF5F228E-DBF3-47BD-9E43-1179A8228201}.Release|Any CPU.ActiveCfg = Release|Any CPU
		{BF5F228E-DBF3-47BD-9E43-1179A8228201}.Release|Any CPU.Build.0 = Release|Any CPU
		{D40BDC1F-14D1-4DB7-B53A-89F053FD9D00}.Debug|Any CPU.ActiveCfg = Debug|Any CPU
		{D40BDC1F-14D1-4DB7-B53A-89F053FD9D00}.Debug|Any CPU.Build.0 = Debug|Any CPU
		{D40BDC1F-14D1-4DB7-B53A-89F053FD9D00}.Release|Any CPU.ActiveCfg = Release|Any CPU
		{D40BDC1F-14D1-4DB7-B53A-89F053FD9D00}.Release|Any CPU.Build.0 = Release|Any CPU
	EndGlobalSection
	GlobalSection(SolutionProperties) = preSolution
		HideSolutionNode = FALSE
	EndGlobalSection
	GlobalSection(ExtensibilityGlobals) = postSolution
		SolutionGuid = {97A5936C-E5A5-483F-9639-C9EBC107184B}
	EndGlobalSection
EndGlobal
